github.com/CyC2018/CS-Notes v0.0.0-20190721153136-d2a04c48b997 h1:lMV59IXRoUXtWLH2ZD/81uq/PFXsszulbsZQX2hiTW4=
github.com/CyC2018/CS-Notes v0.0.0-20190721153136-d2a04c48b997/go.mod h1:nmamAfsI1NGsoaMmo2o3CI8B3+j6i11ItL0jP1KRJbw=
github.com/gomodule/redigo v2.0.0+incompatible h1:K/R+8tc58AaqLkqG2Ol3Qk+DR/TlNuhuh457pBFPtt0=
github.com/gomodule/redigo v2.0.0+incompatible/go.mod h1:B4C85qUVwatsJoIUNIfCRsp7qO0iAmpGFZ4EELWSbC4=
